
Microsoft Visual Studio Solution File, Format Version 12.00
# Visual Studio Version 17
VisualStudioVersion = 17.8.34525.116
MinimumVisualStudioVersion = 10.0.40219.1
Project("{FAE04EC0-301F-11D3-BF4B-00C04F79EFBC}") = "MunicipalServicesApp", "MunicipalServicesApp\MunicipalServicesApp.csproj", "{E0F11643-F02A-4BEA-AC56-8E60792392E1}"
EndProject
Project("{FAE04EC0-301F-11D3-BF4B-00C04F79EFBC}") = "Service_Request_Status", "..\..\..\source\repos\Service_Request_Status\Service_Request_Status\Service_Request_Status.csproj", "{00908E47-D057-4355-915E-6A0AC9D64A2B}"
EndProject
Project("{FAE04EC0-301F-11D3-BF4B-00C04F79EFBC}") = "Service_Request_Control", "..\..\..\source\repos\Service_Request_Control\Service_Request_Control\Service_Request_Control.csproj", "{72D9D92B-5402-43FE-AA76-0F11C04A5E9A}"
EndProject
Project("{FAE04EC0-301F-11D3-BF4B-00C04F79EFBC}") = "Service_Request_Host_Form", "..\..\..\source\repos\Service_Request_Host_Form\Service_Request_Host_Form\Service_Request_Host_Form.csproj", "{BC1CFCCD-D536-4C06-884D-AA43208A73A0}"
EndProject
Global
	GlobalSection(SolutionConfigurationPlatforms) = preSolution
		Debug|Any CPU = Debug|Any CPU
		Release|Any CPU = Release|Any CPU
	EndGlobalSection
	GlobalSection(ProjectConfigurationPlatforms) = postSolution
		{E0F11643-F02A-4BEA-AC56-8E60792392E1}.Debug|Any CPU.ActiveCfg = Debug|Any CPU
		{E0F11643-F02A-4BEA-AC56-8E60792392E1}.Debug|Any CPU.Build.0 = Debug|Any CPU
		{E0F11643-F02A-4BEA-AC56-8E60792392E1}.Release|Any CPU.ActiveCfg = Release|Any CPU
		{E0F11643-F02A-4BEA-AC56-8E60792392E1}.Release|Any CPU.Build.0 = Release|Any CPU
		{00908E47-D057-4355-915E-6A0AC9D64A2B}.Debug|Any CPU.ActiveCfg = Debug|Any CPU
		{00908E47-D057-4355-915E-6A0AC9D64A2B}.Debug|Any CPU.Build.0 = Debug|Any CPU
		{00908E47-D057-4355-915E-6A0AC9D64A2B}.Release|Any CPU.ActiveCfg = Release|Any CPU
		{00908E47-D057-4355-915E-6A0AC9D64A2B}.Release|Any CPU.Build.0 = Release|Any CPU
		{72D9D92B-5402-43FE-AA76-0F11C04A5E9A}.Debug|Any CPU.ActiveCfg = Debug|Any CPU
		{72D9D92B-5402-43FE-AA76-0F11C04A5E9A}.Debug|Any CPU.Build.0 = Debug|Any CPU
		{72D9D92B-5402-43FE-AA76-0F11C04A5E9A}.Release|Any CPU.ActiveCfg = Release|Any CPU
		{72D9D92B-5402-43FE-AA76-0F11C04A5E9A}.Release|Any CPU.Build.0 = Release|Any CPU
		{BC1CFCCD-D536-4C06-884D-AA43208A73A0}.Debug|Any CPU.ActiveCfg = Debug|Any CPU
		{BC1CFCCD-D536-4C06-884D-AA43208A73A0}.Debug|Any CPU.Build.0 = Debug|Any CPU
		{BC1CFCCD-D536-4C06-884D-AA43208A73A0}.Release|Any CPU.ActiveCfg = Release|Any CPU
		{BC1CFCCD-D536-4C06-884D-AA43208A73A0}.Release|Any CPU.Build.0 = Release|Any CPU
	EndGlobalSection
	GlobalSection(SolutionProperties) = preSolution
		HideSolutionNode = FALSE
	EndGlobalSection
	GlobalSection(ExtensibilityGlobals) = postSolution
		SolutionGuid = {CD8407DB-B832-45E6-BDF6-1FFB036265BD}
	EndGlobalSection
EndGlobal
